
Microsoft Visual Studio Solution File, Format Version 12.00
# Visual Studio Express 2013 for Windows Desktop
VisualStudioVersion = 12.0.30110.0
MinimumVisualStudioVersion = 10.0.40219.1
Project("{8BC9CEB8-8B4A-11D0-8D11-00A0C91BC942}") = "PlanejadorEstoque", "PlanejadorEstoque\PlanejadorEstoque.vcxproj", "{C171138A-8D33-43E3-86E5-72FEEE907076}"
EndProject
Global
	GlobalSection(TeamFoundationVersionControl) = preSolution
		SccNumberOfProjects = 2
		SccEnterpriseProvider = {4CA58AB2-18FA-4F8D-95D4-32DDF27D184C}
		SccTeamFoundationServer = https://alexanrsousa.visualstudio.com/defaultcollection
		SccLocalPath0 = .
		SccProjectUniqueName1 = PlanejadorEstoque\\PlanejadorEstoque.vcxproj
		SccProjectName1 = PlanejadorEstoque
		SccLocalPath1 = PlanejadorEstoque
	EndGlobalSection
	GlobalSection(SolutionConfigurationPlatforms) = preSolution
		Debug|Win32 = Debug|Win32
		Release|Win32 = Release|Win32
	EndGlobalSection
	GlobalSection(ProjectConfigurationPlatforms) = postSolution
		{C171138A-8D33-43E3-86E5-72FEEE907076}.Debug|Win32.ActiveCfg = Debug|Win32
		{C171138A-8D33-43E3-86E5-72FEEE907076}.Debug|Win32.Build.0 = Debug|Win32
		{C171138A-8D33-43E3-86E5-72FEEE907076}.Release|Win32.ActiveCfg = Release|Win32
		{C171138A-8D33-43E3-86E5-72FEEE907076}.Release|Win32.Build.0 = Release|Win32
	EndGlobalSection
	GlobalSection(SolutionProperties) = preSolution
		HideSolutionNode = FALSE
	EndGlobalSection
EndGlobal
